{
  "name": "@phippsytech/svelte-qrious",
  "version": "0.0.1",
  "lockfileVersion": 2,
  "requires": true,
  "packages": {
    "": {
      "name": "@phippsytech/svelte-qrious",
      "version": "0.0.1",
      "license": "ISC",
      "dependencies": {
        "qrious": "^4.0.2"
      }
    },
    "node_modules/qrious": {
      "version": "4.0.2",
      "resolved": "https://registry.npmjs.org/qrious/-/qrious-4.0.2.tgz",
      "integrity": "sha512-xWPJIrK1zu5Ypn898fBp8RHkT/9ibquV2Kv24S/JY9VYEhMBMKur1gHVsOiNUh7PHP9uCgejjpZUHUIXXKoU/g=="
    }
  },
  "dependencies": {
    "qrious": {
      "version": "4.0.2",
      "resolved": "https://registry.npmjs.org/qrious/-/qrious-4.0.2.tgz",
      "integrity": "sha512-xWPJIrK1zu5Ypn898fBp8RHkT/9ibquV2Kv24S/JY9VYEhMBMKur1gHVsOiNUh7PHP9uCgejjpZUHUIXXKoU/g=="
    }
  }
}
